
Microsoft Visual Studio Solution File, Format Version 12.00
# Visual Studio 2012
Project("{FAE04EC0-301F-11D3-BF4B-00C04F79EFBC}") = "Yuruisoft.RS.BLL", "Yuruisoft.RS.BLL\Yuruisoft.RS.BLL.csproj", "{6DDB83A3-7466-46F7-92C5-8AEE07660F4C}"
EndProject
Project("{FAE04EC0-301F-11D3-BF4B-00C04F79EFBC}") = "Yuruisoft.RS.DAL", "Yuruisoft.RS.DAL\Yuruisoft.RS.DAL.csproj", "{1C4E0499-1893-4225-8D96-093C15DA771F}"
EndProject
Project("{FAE04EC0-301F-11D3-BF4B-00C04F79EFBC}") = "Yuruisoft.RS.DALfactory", "Yuruisoft.RS.DALfactory\Yuruisoft.RS.DALfactory.csproj", "{A001D3B5-1261-432C-BC3B-2D6A542F57B1}"
EndProject
Project("{FAE04EC0-301F-11D3-BF4B-00C04F79EFBC}") = "Yuruisoft.RS.IBLL", "Yuruisoft.RS.IBLL\Yuruisoft.RS.IBLL.csproj", "{6BA55115-871E-4DD2-8B4F-D8A211A202A3}"
EndProject
Project("{FAE04EC0-301F-11D3-BF4B-00C04F79EFBC}") = "Yuruisoft.RS.IDAL", "Yuruisoft.RS.IDAL\Yuruisoft.RS.IDAL.csproj", "{A87D5109-4483-4BA9-8796-E15C877C4167}"
EndProject
Project("{FAE04EC0-301F-11D3-BF4B-00C04F79EFBC}") = "Yuruisoft.RS.Model", "Yuruisoft.RS.Model\Yuruisoft.RS.Model.csproj", "{986B3DFC-D3C3-4F15-9F3C-575A7233F881}"
EndProject
Project("{FAE04EC0-301F-11D3-BF4B-00C04F79EFBC}") = "Yuruisoft.RS.Web", "Yuruisoft.RS.Web\Yuruisoft.RS.Web.csproj", "{020F32EF-9DE8-4A96-9554-FDD60EAE4D18}"
EndProject
Project("{FAE04EC0-301F-11D3-BF4B-00C04F79EFBC}") = "Yuruisoft.RS.Web.Tests", "Yuruisoft.RS.Web.Tests\Yuruisoft.RS.Web.Tests.csproj", "{F45D7048-8DC6-4665-B7A7-C9CB2BBD8619}"
EndProject
Project("{2150E333-8FDC-42A3-9474-1A3956D46DE8}") = "Demo", "Demo", "{76130CFB-2A5B-4E2E-A893-912206E5EDDF}"
EndProject
Project("{FAE04EC0-301F-11D3-BF4B-00C04F79EFBC}") = "Autofac_Research", "Autofac_Research\Autofac_Research.csproj", "{AB13A8B6-BEFE-4846-8B7F-F2A643773456}"
EndProject
Project("{FAE04EC0-301F-11D3-BF4B-00C04F79EFBC}") = "Emit_DynamicClassBuild", "Emit_DynamicClassBuild\Emit_DynamicClassBuild.csproj", "{72E7F71E-FEA5-456C-9002-69C43BBA287C}"
EndProject
Project("{FAE04EC0-301F-11D3-BF4B-00C04F79EFBC}") = "TheJsonTest", "TheJsonTest\TheJsonTest.csproj", "{D18F19E9-07F0-4A67-886C-E3FC45679CD1}"
EndProject
Project("{FAE04EC0-301F-11D3-BF4B-00C04F79EFBC}") = "microstore", "microstore\microstore.csproj", "{539F95DB-A38C-4574-9F3D-82BD89513251}"
EndProject
Project("{FAE04EC0-301F-11D3-BF4B-00C04F79EFBC}") = "RS.Model.Json.Test", "RS.Model.Json.Test\RS.Model.Json.Test.csproj", "{423117A0-332E-4E17-B8E4-09A25C2E4A7A}"
EndProject
Project("{FAE04EC0-301F-11D3-BF4B-00C04F79EFBC}") = "MethodInfo.MakeGenericMethod_Test", "MethodInfo.MakeGenericMethod_Test\MethodInfo.MakeGenericMethod_Test.csproj", "{485596EF-3899-45FF-89BF-FB4376271384}"
EndProject
Project("{FAE04EC0-301F-11D3-BF4B-00C04F79EFBC}") = "Yuruisoft.RS.Common", "Yuruisoft.RS.Common\Yuruisoft.RS.Common.csproj", "{17C4BCD4-0F9D-474F-8F41-D54115DAE4AB}"
EndProject
Project("{FAE04EC0-301F-11D3-BF4B-00C04F79EFBC}") = "T4Test", "T4Test\T4Test.csproj", "{0C173613-EBA8-4829-97B3-20CDC585DB4D}"
EndProject
Project("{FAE04EC0-301F-11D3-BF4B-00C04F79EFBC}") = "Yuruisoft.RS.Setup", "Yuruisoft.RS.Setup\Yuruisoft.RS.Setup.csproj", "{D34E10FA-6083-43E4-B0F2-74396052B439}"
EndProject
Project("{2150E333-8FDC-42A3-9474-1A3956D46DE8}") = "Yuruisoft.EF.DynamicModel", "Yuruisoft.EF.DynamicModel", "{4BD40B9E-E99F-41DF-AE71-0B993C39CFE0}"
EndProject
Project("{FAE04EC0-301F-11D3-BF4B-00C04F79EFBC}") = "DynamicModel", "DynamicModel\DynamicModel.csproj", "{B26E2BD7-3893-4928-ACF6-9FFFB7396C00}"
EndProject
Project("{FAE04EC0-301F-11D3-BF4B-00C04F79EFBC}") = "DynamicModelTest", "DynamicModelTest\DynamicModelTest.csproj", "{E093FF61-A1C5-4249-B6AF-63E35498382E}"
EndProject
Project("{FAE04EC0-301F-11D3-BF4B-00C04F79EFBC}") = "DynamicDal", "DynamicDal\DynamicDal.csproj", "{3FCE4E9D-FA98-4A0C-9E94-BA325F0B0BC5}"
EndProject
Project("{2150E333-8FDC-42A3-9474-1A3956D46DE8}") = "Yutuisoft.RouteStatistics.Cache", "Yutuisoft.RouteStatistics.Cache", "{6E4CDBD8-22B3-4CB4-A9CC-BAA91BA3AB02}"
EndProject
Project("{FAE04EC0-301F-11D3-BF4B-00C04F79EFBC}") = "RouteStatisticsCache", "RouteStatisticsCache\RouteStatisticsCache.csproj", "{33A3124C-1FE0-4885-AF01-40EB7154205B}"
EndProject
Project("{FAE04EC0-301F-11D3-BF4B-00C04F79EFBC}") = "SendEmailExample", "SendEmailExample\SendEmailExample.csproj", "{18C140EB-2126-4F22-9788-F04FD38AC5EB}"
EndProject
Project("{FAE04EC0-301F-11D3-BF4B-00C04F79EFBC}") = "TxtReaderForDictionary", "TxtReaderForDictionary\TxtReaderForDictionary.csproj", "{1AB60BB4-AC8B-4214-9628-739357C6DBC0}"
EndProject
Global
	GlobalSection(SolutionConfigurationPlatforms) = preSolution
		Debug|Any CPU = Debug|Any CPU
		Release|Any CPU = Release|Any CPU
	EndGlobalSection
	GlobalSection(ProjectConfigurationPlatforms) = postSolution
		{6DDB83A3-7466-46F7-92C5-8AEE07660F4C}.Debug|Any CPU.ActiveCfg = Debug|Any CPU
		{6DDB83A3-7466-46F7-92C5-8AEE07660F4C}.Debug|Any CPU.Build.0 = Debug|Any CPU
		{6DDB83A3-7466-46F7-92C5-8AEE07660F4C}.Release|Any CPU.ActiveCfg = Release|Any CPU
		{6DDB83A3-7466-46F7-92C5-8AEE07660F4C}.Release|Any CPU.Build.0 = Release|Any CPU
		{1C4E0499-1893-4225-8D96-093C15DA771F}.Debug|Any CPU.ActiveCfg = Debug|Any CPU
		{1C4E0499-1893-4225-8D96-093C15DA771F}.Debug|Any CPU.Build.0 = Debug|Any CPU
		{1C4E0499-1893-4225-8D96-093C15DA771F}.Release|Any CPU.ActiveCfg = Release|Any CPU
		{1C4E0499-1893-4225-8D96-093C15DA771F}.Release|Any CPU.Build.0 = Release|Any CPU
		{A001D3B5-1261-432C-BC3B-2D6A542F57B1}.Debug|Any CPU.ActiveCfg = Debug|Any CPU
		{A001D3B5-1261-432C-BC3B-2D6A542F57B1}.Debug|Any CPU.Build.0 = Debug|Any CPU
		{A001D3B5-1261-432C-BC3B-2D6A542F57B1}.Release|Any CPU.ActiveCfg = Release|Any CPU
		{A001D3B5-1261-432C-BC3B-2D6A542F57B1}.Release|Any CPU.Build.0 = Release|Any CPU
		{6BA55115-871E-4DD2-8B4F-D8A211A202A3}.Debug|Any CPU.ActiveCfg = Debug|Any CPU
		{6BA55115-871E-4DD2-8B4F-D8A211A202A3}.Debug|Any CPU.Build.0 = Debug|Any CPU
		{6BA55115-871E-4DD2-8B4F-D8A211A202A3}.Release|Any CPU.ActiveCfg = Release|Any CPU
		{6BA55115-871E-4DD2-8B4F-D8A211A202A3}.Release|Any CPU.Build.0 = Release|Any CPU
		{A87D5109-4483-4BA9-8796-E15C877C4167}.Debug|Any CPU.ActiveCfg = Debug|Any CPU
		{A87D5109-4483-4BA9-8796-E15C877C4167}.Debug|Any CPU.Build.0 = Debug|Any CPU
		{A87D5109-4483-4BA9-8796-E15C877C4167}.Release|Any CPU.ActiveCfg = Release|Any CPU
		{A87D5109-4483-4BA9-8796-E15C877C4167}.Release|Any CPU.Build.0 = Release|Any CPU
		{986B3DFC-D3C3-4F15-9F3C-575A7233F881}.Debug|Any CPU.ActiveCfg = Debug|Any CPU
		{986B3DFC-D3C3-4F15-9F3C-575A7233F881}.Debug|Any CPU.Build.0 = Debug|Any CPU
		{986B3DFC-D3C3-4F15-9F3C-575A7233F881}.Release|Any CPU.ActiveCfg = Release|Any CPU
		{986B3DFC-D3C3-4F15-9F3C-575A7233F881}.Release|Any CPU.Build.0 = Release|Any CPU
		{020F32EF-9DE8-4A96-9554-FDD60EAE4D18}.Debug|Any CPU.ActiveCfg = Debug|Any CPU
		{020F32EF-9DE8-4A96-9554-FDD60EAE4D18}.Debug|Any CPU.Build.0 = Debug|Any CPU
		{020F32EF-9DE8-4A96-9554-FDD60EAE4D18}.Release|Any CPU.ActiveCfg = Release|Any CPU
		{020F32EF-9DE8-4A96-9554-FDD60EAE4D18}.Release|Any CPU.Build.0 = Release|Any CPU
		{F45D7048-8DC6-4665-B7A7-C9CB2BBD8619}.Debug|Any CPU.ActiveCfg = Debug|Any CPU
		{F45D7048-8DC6-4665-B7A7-C9CB2BBD8619}.Debug|Any CPU.Build.0 = Debug|Any CPU
		{F45D7048-8DC6-4665-B7A7-C9CB2BBD8619}.Release|Any CPU.ActiveCfg = Release|Any CPU
		{F45D7048-8DC6-4665-B7A7-C9CB2BBD8619}.Release|Any CPU.Build.0 = Release|Any CPU
		{AB13A8B6-BEFE-4846-8B7F-F2A643773456}.Debug|Any CPU.ActiveCfg = Debug|Any CPU
		{AB13A8B6-BEFE-4846-8B7F-F2A643773456}.Debug|Any CPU.Build.0 = Debug|Any CPU
		{AB13A8B6-BEFE-4846-8B7F-F2A643773456}.Release|Any CPU.ActiveCfg = Release|Any CPU
		{AB13A8B6-BEFE-4846-8B7F-F2A643773456}.Release|Any CPU.Build.0 = Release|Any CPU
		{72E7F71E-FEA5-456C-9002-69C43BBA287C}.Debug|Any CPU.ActiveCfg = Debug|Any CPU
		{72E7F71E-FEA5-456C-9002-69C43BBA287C}.Debug|Any CPU.Build.0 = Debug|Any CPU
		{72E7F71E-FEA5-456C-9002-69C43BBA287C}.Release|Any CPU.ActiveCfg = Release|Any CPU
		{72E7F71E-FEA5-456C-9002-69C43BBA287C}.Release|Any CPU.Build.0 = Release|Any CPU
		{D18F19E9-07F0-4A67-886C-E3FC45679CD1}.Debug|Any CPU.ActiveCfg = Debug|Any CPU
		{D18F19E9-07F0-4A67-886C-E3FC45679CD1}.Debug|Any CPU.Build.0 = Debug|Any CPU
		{D18F19E9-07F0-4A67-886C-E3FC45679CD1}.Release|Any CPU.ActiveCfg = Release|Any CPU
		{D18F19E9-07F0-4A67-886C-E3FC45679CD1}.Release|Any CPU.Build.0 = Release|Any CPU
		{539F95DB-A38C-4574-9F3D-82BD89513251}.Debug|Any CPU.ActiveCfg = Debug|Any CPU
		{539F95DB-A38C-4574-9F3D-82BD89513251}.Debug|Any CPU.Build.0 = Debug|Any CPU
		{539F95DB-A38C-4574-9F3D-82BD89513251}.Release|Any CPU.ActiveCfg = Release|Any CPU
		{539F95DB-A38C-4574-9F3D-82BD89513251}.Release|Any CPU.Build.0 = Release|Any CPU
		{423117A0-332E-4E17-B8E4-09A25C2E4A7A}.Debug|Any CPU.ActiveCfg = Debug|Any CPU
		{423117A0-332E-4E17-B8E4-09A25C2E4A7A}.Debug|Any CPU.Build.0 = Debug|Any CPU
		{423117A0-332E-4E17-B8E4-09A25C2E4A7A}.Release|Any CPU.ActiveCfg = Release|Any CPU
		{423117A0-332E-4E17-B8E4-09A25C2E4A7A}.Release|Any CPU.Build.0 = Release|Any CPU
		{485596EF-3899-45FF-89BF-FB4376271384}.Debug|Any CPU.ActiveCfg = Debug|Any CPU
		{485596EF-3899-45FF-89BF-FB4376271384}.Debug|Any CPU.Build.0 = Debug|Any CPU
		{485596EF-3899-45FF-89BF-FB4376271384}.Release|Any CPU.ActiveCfg = Release|Any CPU
		{485596EF-3899-45FF-89BF-FB4376271384}.Release|Any CPU.Build.0 = Release|Any CPU
		{17C4BCD4-0F9D-474F-8F41-D54115DAE4AB}.Debug|Any CPU.ActiveCfg = Debug|Any CPU
		{17C4BCD4-0F9D-474F-8F41-D54115DAE4AB}.Debug|Any CPU.Build.0 = Debug|Any CPU
		{17C4BCD4-0F9D-474F-8F41-D54115DAE4AB}.Release|Any CPU.ActiveCfg = Release|Any CPU
		{17C4BCD4-0F9D-474F-8F41-D54115DAE4AB}.Release|Any CPU.Build.0 = Release|Any CPU
		{0C173613-EBA8-4829-97B3-20CDC585DB4D}.Debug|Any CPU.ActiveCfg = Debug|Any CPU
		{0C173613-EBA8-4829-97B3-20CDC585DB4D}.Debug|Any CPU.Build.0 = Debug|Any CPU
		{0C173613-EBA8-4829-97B3-20CDC585DB4D}.Release|Any CPU.ActiveCfg = Release|Any CPU
		{0C173613-EBA8-4829-97B3-20CDC585DB4D}.Release|Any CPU.Build.0 = Release|Any CPU
		{D34E10FA-6083-43E4-B0F2-74396052B439}.Debug|Any CPU.ActiveCfg = Debug|Any CPU
		{D34E10FA-6083-43E4-B0F2-74396052B439}.Debug|Any CPU.Build.0 = Debug|Any CPU
		{D34E10FA-6083-43E4-B0F2-74396052B439}.Release|Any CPU.ActiveCfg = Release|Any CPU
		{D34E10FA-6083-43E4-B0F2-74396052B439}.Release|Any CPU.Build.0 = Release|Any CPU
		{B26E2BD7-3893-4928-ACF6-9FFFB7396C00}.Debug|Any CPU.ActiveCfg = Debug|Any CPU
		{B26E2BD7-3893-4928-ACF6-9FFFB7396C00}.Debug|Any CPU.Build.0 = Debug|Any CPU
		{B26E2BD7-3893-4928-ACF6-9FFFB7396C00}.Release|Any CPU.ActiveCfg = Release|Any CPU
		{B26E2BD7-3893-4928-ACF6-9FFFB7396C00}.Release|Any CPU.Build.0 = Release|Any CPU
		{E093FF61-A1C5-4249-B6AF-63E35498382E}.Debug|Any CPU.ActiveCfg = Debug|Any CPU
		{E093FF61-A1C5-4249-B6AF-63E35498382E}.Debug|Any CPU.Build.0 = Debug|Any CPU
		{E093FF61-A1C5-4249-B6AF-63E35498382E}.Release|Any CPU.ActiveCfg = Release|Any CPU
		{E093FF61-A1C5-4249-B6AF-63E35498382E}.Release|Any CPU.Build.0 = Release|Any CPU
		{3FCE4E9D-FA98-4A0C-9E94-BA325F0B0BC5}.Debug|Any CPU.ActiveCfg = Debug|Any CPU
		{3FCE4E9D-FA98-4A0C-9E94-BA325F0B0BC5}.Debug|Any CPU.Build.0 = Debug|Any CPU
		{3FCE4E9D-FA98-4A0C-9E94-BA325F0B0BC5}.Release|Any CPU.ActiveCfg = Release|Any CPU
		{3FCE4E9D-FA98-4A0C-9E94-BA325F0B0BC5}.Release|Any CPU.Build.0 = Release|Any CPU
		{33A3124C-1FE0-4885-AF01-40EB7154205B}.Debug|Any CPU.ActiveCfg = Debug|Any CPU
		{33A3124C-1FE0-4885-AF01-40EB7154205B}.Debug|Any CPU.Build.0 = Debug|Any CPU
		{33A3124C-1FE0-4885-AF01-40EB7154205B}.Release|Any CPU.ActiveCfg = Release|Any CPU
		{33A3124C-1FE0-4885-AF01-40EB7154205B}.Release|Any CPU.Build.0 = Release|Any CPU
		{18C140EB-2126-4F22-9788-F04FD38AC5EB}.Debug|Any CPU.ActiveCfg = Debug|Any CPU
		{18C140EB-2126-4F22-9788-F04FD38AC5EB}.Debug|Any CPU.Build.0 = Debug|Any CPU
		{18C140EB-2126-4F22-9788-F04FD38AC5EB}.Release|Any CPU.ActiveCfg = Release|Any CPU
		{18C140EB-2126-4F22-9788-F04FD38AC5EB}.Release|Any CPU.Build.0 = Release|Any CPU
		{1AB60BB4-AC8B-4214-9628-739357C6DBC0}.Debug|Any CPU.ActiveCfg = Debug|Any CPU
		{1AB60BB4-AC8B-4214-9628-739357C6DBC0}.Debug|Any CPU.Build.0 = Debug|Any CPU
		{1AB60BB4-AC8B-4214-9628-739357C6DBC0}.Release|Any CPU.ActiveCfg = Release|Any CPU
		{1AB60BB4-AC8B-4214-9628-739357C6DBC0}.Release|Any CPU.Build.0 = Release|Any CPU
	EndGlobalSection
	GlobalSection(SolutionProperties) = preSolution
		HideSolutionNode = FALSE
	EndGlobalSection
	GlobalSection(NestedProjects) = preSolution
		{AB13A8B6-BEFE-4846-8B7F-F2A643773456} = {76130CFB-2A5B-4E2E-A893-912206E5EDDF}
		{72E7F71E-FEA5-456C-9002-69C43BBA287C} = {76130CFB-2A5B-4E2E-A893-912206E5EDDF}
		{D18F19E9-07F0-4A67-886C-E3FC45679CD1} = {76130CFB-2A5B-4E2E-A893-912206E5EDDF}
		{539F95DB-A38C-4574-9F3D-82BD89513251} = {76130CFB-2A5B-4E2E-A893-912206E5EDDF}
		{423117A0-332E-4E17-B8E4-09A25C2E4A7A} = {76130CFB-2A5B-4E2E-A893-912206E5EDDF}
		{485596EF-3899-45FF-89BF-FB4376271384} = {76130CFB-2A5B-4E2E-A893-912206E5EDDF}
		{0C173613-EBA8-4829-97B3-20CDC585DB4D} = {76130CFB-2A5B-4E2E-A893-912206E5EDDF}
		{E093FF61-A1C5-4249-B6AF-63E35498382E} = {76130CFB-2A5B-4E2E-A893-912206E5EDDF}
		{18C140EB-2126-4F22-9788-F04FD38AC5EB} = {76130CFB-2A5B-4E2E-A893-912206E5EDDF}
		{1AB60BB4-AC8B-4214-9628-739357C6DBC0} = {76130CFB-2A5B-4E2E-A893-912206E5EDDF}
		{B26E2BD7-3893-4928-ACF6-9FFFB7396C00} = {4BD40B9E-E99F-41DF-AE71-0B993C39CFE0}
		{3FCE4E9D-FA98-4A0C-9E94-BA325F0B0BC5} = {4BD40B9E-E99F-41DF-AE71-0B993C39CFE0}
		{33A3124C-1FE0-4885-AF01-40EB7154205B} = {6E4CDBD8-22B3-4CB4-A9CC-BAA91BA3AB02}
	EndGlobalSection
EndGlobal
